
Microsoft Visual Studio Solution File, Format Version 12.00
# Visual Studio 15
VisualStudioVersion = 15.0.26730.16
MinimumVisualStudioVersion = 10.0.40219.1
Project("{FAE04EC0-301F-11D3-BF4B-00C04F79EFBC}") = "Orionik.SimpleTsvParser", "Orionik.SimpleTsvParser\Orionik.SimpleTsvParser.csproj", "{52958BFA-D441-435D-9B5B-E6FC97260D8A}"
EndProject
Project("{FAE04EC0-301F-11D3-BF4B-00C04F79EFBC}") = "Orionik.SimpleTsvParser.Tests", "Orionik.SimpleTsvParser.Tests\Orionik.SimpleTsvParser.Tests.csproj", "{C1CA548A-D8CA-490C-8B1C-529848915981}"
EndProject
Global
	GlobalSection(SolutionConfigurationPlatforms) = preSolution
		Debug|Any CPU = Debug|Any CPU
		Release|Any CPU = Release|Any CPU
	EndGlobalSection
	GlobalSection(ProjectConfigurationPlatforms) = postSolution
		{52958BFA-D441-435D-9B5B-E6FC97260D8A}.Debug|Any CPU.ActiveCfg = Debug|Any CPU
		{52958BFA-D441-435D-9B5B-E6FC97260D8A}.Debug|Any CPU.Build.0 = Debug|Any CPU
		{52958BFA-D441-435D-9B5B-E6FC97260D8A}.Release|Any CPU.ActiveCfg = Release|Any CPU
		{52958BFA-D441-435D-9B5B-E6FC97260D8A}.Release|Any CPU.Build.0 = Release|Any CPU
		{C1CA548A-D8CA-490C-8B1C-529848915981}.Debug|Any CPU.ActiveCfg = Debug|Any CPU
		{C1CA548A-D8CA-490C-8B1C-529848915981}.Debug|Any CPU.Build.0 = Debug|Any CPU
		{C1CA548A-D8CA-490C-8B1C-529848915981}.Release|Any CPU.ActiveCfg = Release|Any CPU
		{C1CA548A-D8CA-490C-8B1C-529848915981}.Release|Any CPU.Build.0 = Release|Any CPU
	EndGlobalSection
	GlobalSection(SolutionProperties) = preSolution
		HideSolutionNode = FALSE
	EndGlobalSection
	GlobalSection(ExtensibilityGlobals) = postSolution
		SolutionGuid = {2CD3671A-58D3-41DC-8757-106B56462957}
	EndGlobalSection
EndGlobal
