
Microsoft Visual Studio Solution File, Format Version 12.00
# Visual Studio 15
VisualStudioVersion = 15.0.27130.2027
MinimumVisualStudioVersion = 10.0.40219.1
Project("{FAE04EC0-301F-11D3-BF4B-00C04F79EFBC}") = "Orionik.SimpleTsvParser", "Orionik.SimpleTsvParser\Orionik.SimpleTsvParser.csproj", "{BF6F9651-7209-444C-820D-2A03DB0C5EDB}"
EndProject
Project("{FAE04EC0-301F-11D3-BF4B-00C04F79EFBC}") = "Orionik.SimpleTsvParser.Tests", "Orionik.SimpleTsvParser.Tests\Orionik.SimpleTsvParser.Tests.csproj", "{7B121EB7-BD9B-45C3-9BE9-1047D637DC5B}"
EndProject
Global
	GlobalSection(SolutionConfigurationPlatforms) = preSolution
		Debug|Any CPU = Debug|Any CPU
		Release|Any CPU = Release|Any CPU
	EndGlobalSection
	GlobalSection(ProjectConfigurationPlatforms) = postSolution
		{BF6F9651-7209-444C-820D-2A03DB0C5EDB}.Debug|Any CPU.ActiveCfg = Debug|Any CPU
		{BF6F9651-7209-444C-820D-2A03DB0C5EDB}.Debug|Any CPU.Build.0 = Debug|Any CPU
		{BF6F9651-7209-444C-820D-2A03DB0C5EDB}.Release|Any CPU.ActiveCfg = Release|Any CPU
		{BF6F9651-7209-444C-820D-2A03DB0C5EDB}.Release|Any CPU.Build.0 = Release|Any CPU
		{7B121EB7-BD9B-45C3-9BE9-1047D637DC5B}.Debug|Any CPU.ActiveCfg = Debug|Any CPU
		{7B121EB7-BD9B-45C3-9BE9-1047D637DC5B}.Debug|Any CPU.Build.0 = Debug|Any CPU
		{7B121EB7-BD9B-45C3-9BE9-1047D637DC5B}.Release|Any CPU.ActiveCfg = Release|Any CPU
		{7B121EB7-BD9B-45C3-9BE9-1047D637DC5B}.Release|Any CPU.Build.0 = Release|Any CPU
	EndGlobalSection
	GlobalSection(SolutionProperties) = preSolution
		HideSolutionNode = FALSE
	EndGlobalSection
	GlobalSection(ExtensibilityGlobals) = postSolution
		SolutionGuid = {426C7D75-93DC-4436-962C-231AAA6B041B}
	EndGlobalSection
EndGlobal
